
Microsoft Visual Studio Solution File, Format Version 12.00
# Visual Studio Version 17
VisualStudioVersion = 17.0.31903.59
MinimumVisualStudioVersion = 10.0.40219.1
Project("{FAE04EC0-301F-11D3-BF4B-00C04F79EFBC}") = "MyMath", "MyMath\MyMath.csproj", "{F81D48E3-1892-4750-A383-6E59F82B23FE}"
EndProject
Project("{FAE04EC0-301F-11D3-BF4B-00C04F79EFBC}") = "MyMath.Tests", "MyMath.Tests\MyMath.Tests.csproj", "{65B2BA65-A482-4B01-81DB-DE1EBDBF4619}"
EndProject
Global
	GlobalSection(SolutionConfigurationPlatforms) = preSolution
		Debug|Any CPU = Debug|Any CPU
		Release|Any CPU = Release|Any CPU
	EndGlobalSection
	GlobalSection(SolutionProperties) = preSolution
		HideSolutionNode = FALSE
	EndGlobalSection
	GlobalSection(ProjectConfigurationPlatforms) = postSolution
		{F81D48E3-1892-4750-A383-6E59F82B23FE}.Debug|Any CPU.ActiveCfg = Debug|Any CPU
		{F81D48E3-1892-4750-A383-6E59F82B23FE}.Debug|Any CPU.Build.0 = Debug|Any CPU
		{F81D48E3-1892-4750-A383-6E59F82B23FE}.Release|Any CPU.ActiveCfg = Release|Any CPU
		{F81D48E3-1892-4750-A383-6E59F82B23FE}.Release|Any CPU.Build.0 = Release|Any CPU
		{65B2BA65-A482-4B01-81DB-DE1EBDBF4619}.Debug|Any CPU.ActiveCfg = Debug|Any CPU
		{65B2BA65-A482-4B01-81DB-DE1EBDBF4619}.Debug|Any CPU.Build.0 = Debug|Any CPU
		{65B2BA65-A482-4B01-81DB-DE1EBDBF4619}.Release|Any CPU.ActiveCfg = Release|Any CPU
		{65B2BA65-A482-4B01-81DB-DE1EBDBF4619}.Release|Any CPU.Build.0 = Release|Any CPU
	EndGlobalSection
EndGlobal
