
Microsoft Visual Studio Solution File, Format Version 12.00
# Visual Studio Version 16
VisualStudioVersion = 16.0.32126.315
MinimumVisualStudioVersion = 10.0.40219.1
Project("{FAE04EC0-301F-11D3-BF4B-00C04F79EFBC}") = "InventoryLibrary", "InventoryLibrary\InventoryLibrary.csproj", "{9A0EE8AE-87B7-401C-9727-05E33F9445F8}"
EndProject
Global
	GlobalSection(SolutionConfigurationPlatforms) = preSolution
		Debug|Any CPU = Debug|Any CPU
		Release|Any CPU = Release|Any CPU
	EndGlobalSection
	GlobalSection(ProjectConfigurationPlatforms) = postSolution
		{9A0EE8AE-87B7-401C-9727-05E33F9445F8}.Debug|Any CPU.ActiveCfg = Debug|Any CPU
		{9A0EE8AE-87B7-401C-9727-05E33F9445F8}.Debug|Any CPU.Build.0 = Debug|Any CPU
		{9A0EE8AE-87B7-401C-9727-05E33F9445F8}.Release|Any CPU.ActiveCfg = Release|Any CPU
		{9A0EE8AE-87B7-401C-9727-05E33F9445F8}.Release|Any CPU.Build.0 = Release|Any CPU
	EndGlobalSection
	GlobalSection(SolutionProperties) = preSolution
		HideSolutionNode = FALSE
	EndGlobalSection
	GlobalSection(ExtensibilityGlobals) = postSolution
		SolutionGuid = {244FC407-803D-4D61-B6A5-E69CE0984E9B}
	EndGlobalSection
EndGlobal
